
Microsoft Visual Studio Solution File, Format Version 12.00
# Visual Studio Version 16
VisualStudioVersion = 16.0.30717.126
MinimumVisualStudioVersion = 10.0.40219.1
Project("{8BC9CEB8-8B4A-11D0-8D11-00A0C91BC942}") = "Proiect_Matei_Malurica", "Proiect_Matei_Malurica\Proiect_Matei_Malurica.vcxproj", "{E746DCBB-5C12-4FCB-974E-1532F7EA996B}"
EndProject
Global
	GlobalSection(SolutionConfigurationPlatforms) = preSolution
		Debug|x64 = Debug|x64
		Debug|x86 = Debug|x86
		Release|x64 = Release|x64
		Release|x86 = Release|x86
	EndGlobalSection
	GlobalSection(ProjectConfigurationPlatforms) = postSolution
		{E746DCBB-5C12-4FCB-974E-1532F7EA996B}.Debug|x64.ActiveCfg = Debug|x64
		{E746DCBB-5C12-4FCB-974E-1532F7EA996B}.Debug|x64.Build.0 = Debug|x64
		{E746DCBB-5C12-4FCB-974E-1532F7EA996B}.Debug|x86.ActiveCfg = Debug|Win32
		{E746DCBB-5C12-4FCB-974E-1532F7EA996B}.Debug|x86.Build.0 = Debug|Win32
		{E746DCBB-5C12-4FCB-974E-1532F7EA996B}.Release|x64.ActiveCfg = Release|x64
		{E746DCBB-5C12-4FCB-974E-1532F7EA996B}.Release|x64.Build.0 = Release|x64
		{E746DCBB-5C12-4FCB-974E-1532F7EA996B}.Release|x86.ActiveCfg = Release|Win32
		{E746DCBB-5C12-4FCB-974E-1532F7EA996B}.Release|x86.Build.0 = Release|Win32
	EndGlobalSection
	GlobalSection(SolutionProperties) = preSolution
		HideSolutionNode = FALSE
	EndGlobalSection
	GlobalSection(ExtensibilityGlobals) = postSolution
		SolutionGuid = {926F455F-E48E-46B9-82C6-CB03698ECA8A}
	EndGlobalSection
EndGlobal
